// !$*UTF8*$!
{
	archiveVersion = 1;
	classes = {
	};
	objectVersion = 77;
	objects = {

/* Begin PBXBuildFile section */
		04075C62922F617B31757060 /* AppDelegate.swift in Sources */ = {isa = PBXBuildFile; fileRef = E0EEB693F131F46234ED3DF0 /* AppDelegate.swift */; };
		08C426EB553D45A214CA1172 /* LectureListViewController.swift in Sources */ = {isa = PBXBuildFile; fileRef = 70523AD92FCE6BB5D554F1B9 /* LectureListViewController.swift */; };
		10FCF05C75C867182052A765 /* PDFViewController.swift in Sources */ = {isa = PBXBuildFile; fileRef = 3822695569806EF08ECC2E35 /* PDFViewController.swift */; };
		1B02E00DAF1DC3812B1DA630 /* TranscriptViewController.swift in Sources */ = {isa = PBXBuildFile; fileRef = 10D5A138FA1BF50DBCCC35D1 /* TranscriptViewController.swift */; };
		1ED21351811066B3286595E1 /* BatchAddLectureSheet.swift in Sources */ = {isa = PBXBuildFile; fileRef = 9825A3F595F774D5AF0C9A55 /* BatchAddLectureSheet.swift */; };
		37C6B1CE6DFD7161ECFB7E24 /* SettingsViewController.swift in Sources */ = {isa = PBXBuildFile; fileRef = 456BC39DA0096C1C3E804B72 /* SettingsViewController.swift */; };
		4DA6C44E3E4A5BE360117666 /* ShellRunner.swift in Sources */ = {isa = PBXBuildFile; fileRef = 83E85A621F54206094AFF288 /* ShellRunner.swift */; };
		4E3B91489EB4E18760D2C223 /* AppIcon.icon in Resources */ = {isa = PBXBuildFile; fileRef = 0BCD4FAA05DF20394776496E /* AppIcon.icon */; };
		60D85F6422124DB2521689E3 /* RecapTheme.swift in Sources */ = {isa = PBXBuildFile; fileRef = 5E37ED690FC7C2FF61570139 /* RecapTheme.swift */; };
		69E4A0CD340258D6BFE96575 /* CourseListViewController.swift in Sources */ = {isa = PBXBuildFile; fileRef = 006620A5F96466763716A77A /* CourseListViewController.swift */; };
		6EFB38676CE7420CBA1BCDD7 /* WaveformGenerator.swift in Sources */ = {isa = PBXBuildFile; fileRef = 42A50B7D1BB20A2E73F430D2 /* WaveformGenerator.swift */; };
		714AD98FBDBC84F14A500546 /* Localizable.xcstrings in Resources */ = {isa = PBXBuildFile; fileRef = F596D0AE81FB36CC9976B7C9 /* Localizable.xcstrings */; };
		884BC1A59B305A0ED4A992C9 /* PlayerPaneView.swift in Sources */ = {isa = PBXBuildFile; fileRef = 183C419BA41CD015B08DCF87 /* PlayerPaneView.swift */; };
		8A2C0198D72ED5F314B359EC /* recap-review-skill.md in Resources */ = {isa = PBXBuildFile; fileRef = 224A0D4835EA9FE5F416758A /* recap-review-skill.md */; };
		8DB68D877F1B18A690D807B9 /* recap-r-mark.png in Resources */ = {isa = PBXBuildFile; fileRef = 5E55382AE0E37B4C94F11ACF /* recap-r-mark.png */; };
		9E9F150F491AE002E21FACD7 /* SceneDelegate.swift in Sources */ = {isa = PBXBuildFile; fileRef = 8B84F6FA84480A57562810F7 /* SceneDelegate.swift */; };
		ABA1677873A7AC347D8C1E34 /* MarkdownViewController.swift in Sources */ = {isa = PBXBuildFile; fileRef = E7D0FB2D9009A959019B60A6 /* MarkdownViewController.swift */; };
		AC5C00D0EE7A17E4F256C4D0 /* UpdateChecker.swift in Sources */ = {isa = PBXBuildFile; fileRef = CF07F81006BA32EFA6020422 /* UpdateChecker.swift */; };
		B5C337CBDA7637648DF120FD /* EvidenceReviewView.swift in Sources */ = {isa = PBXBuildFile; fileRef = A30AF5F43694C7E8CFA4DE5C /* EvidenceReviewView.swift */; };
		B6E3C895C9A6F38996546DD6 /* TranscriptionKit in Frameworks */ = {isa = PBXBuildFile; productRef = AAF9B2049FBC7E10384E8785 /* TranscriptionKit */; };
		BAD8944340A9CCBFECBDF1DF /* AnalysisKit in Frameworks */ = {isa = PBXBuildFile; productRef = E453285FB6C6C290772DBA8B /* AnalysisKit */; };
		BAF5469021701803372AF638 /* ShellBridge.swift in Sources */ = {isa = PBXBuildFile; fileRef = 8A01234BCEBBEF3102133BDF /* ShellBridge.swift */; };
		BEA3E5807BC109A8EA353EF2 /* RecapShellPlugin.bundle in Resources */ = {isa = PBXBuildFile; fileRef = 6BC0E06F800CA245EDEAB6DC /* RecapShellPlugin.bundle */; settings = {ATTRIBUTES = (CodeSignOnCopy, RemoveHeadersOnCopy, ); }; };
		D21128496414482812B7924E /* PipelineKit in Frameworks */ = {isa = PBXBuildFile; productRef = A274F8399FA5EDA4B3CE84DD /* PipelineKit */; };
		D5C9254CEBE25AD0D2D48162 /* MainSplitViewController.swift in Sources */ = {isa = PBXBuildFile; fileRef = C3AA0F828ECA3799D9388FFF /* MainSplitViewController.swift */; };
		D742402BFA22E5EB83E20B00 /* LectureQueue.swift in Sources */ = {isa = PBXBuildFile; fileRef = 676EC9FC010F8689B3A7E396 /* LectureQueue.swift */; };
		D7C3947F3D903A649D4B7168 /* Settings.swift in Sources */ = {isa = PBXBuildFile; fileRef = BE010D7F5C9CEB7CF7000C77 /* Settings.swift */; };
		DB5005A472A2861E6E97225C /* DetailHeaderView.swift in Sources */ = {isa = PBXBuildFile; fileRef = A13099B29E78D6084BE81FFF /* DetailHeaderView.swift */; };
		F401865D77202AD7C57F7A81 /* OnboardingViewController.swift in Sources */ = {isa = PBXBuildFile; fileRef = C6D359651834E09C48C9E660 /* OnboardingViewController.swift */; };
		F9D8946EB6D71A72D6D59FA5 /* Library.swift in Sources */ = {isa = PBXBuildFile; fileRef = 7EAA252231B59F41A4E68A2A /* Library.swift */; };
/* End PBXBuildFile section */

/* Begin PBXContainerItemProxy section */
		DE72FBB5C188C53CFD79DEA9 /* PBXContainerItemProxy */ = {
			isa = PBXContainerItemProxy;
			containerPortal = DCA4EC43C3F813175112084B /* Project object */;
			proxyType = 1;
			remoteGlobalIDString = 1816EEFBE9371521EBDFEF47;
			remoteInfo = RecapShellPlugin;
		};
/* End PBXContainerItemProxy section */

/* Begin PBXFileReference section */
		006620A5F96466763716A77A /* CourseListViewController.swift */ = {isa = PBXFileReference; lastKnownFileType = sourcecode.swift; path = CourseListViewController.swift; sourceTree = "<group>"; };
		0BCD4FAA05DF20394776496E /* AppIcon.icon */ = {isa = PBXFileReference; lastKnownFileType = wrapper.icon; path = AppIcon.icon; sourceTree = "<group>"; };
		10D5A138FA1BF50DBCCC35D1 /* TranscriptViewController.swift */ = {isa = PBXFileReference; lastKnownFileType = sourcecode.swift; path = TranscriptViewController.swift; sourceTree = "<group>"; };
		183C419BA41CD015B08DCF87 /* PlayerPaneView.swift */ = {isa = PBXFileReference; lastKnownFileType = sourcecode.swift; path = PlayerPaneView.swift; sourceTree = "<group>"; };
		224A0D4835EA9FE5F416758A /* recap-review-skill.md */ = {isa = PBXFileReference; lastKnownFileType = net.daringfireball.markdown; path = "recap-review-skill.md"; sourceTree = "<group>"; };
		3822695569806EF08ECC2E35 /* PDFViewController.swift */ = {isa = PBXFileReference; lastKnownFileType = sourcecode.swift; path = PDFViewController.swift; sourceTree = "<group>"; };
		42A50B7D1BB20A2E73F430D2 /* WaveformGenerator.swift */ = {isa = PBXFileReference; lastKnownFileType = sourcecode.swift; path = WaveformGenerator.swift; sourceTree = "<group>"; };
		456BC39DA0096C1C3E804B72 /* SettingsViewController.swift */ = {isa = PBXFileReference; lastKnownFileType = sourcecode.swift; path = SettingsViewController.swift; sourceTree = "<group>"; };
		5E37ED690FC7C2FF61570139 /* RecapTheme.swift */ = {isa = PBXFileReference; lastKnownFileType = sourcecode.swift; path = RecapTheme.swift; sourceTree = "<group>"; };
		5E55382AE0E37B4C94F11ACF /* recap-r-mark.png */ = {isa = PBXFileReference; lastKnownFileType = image.png; path = "recap-r-mark.png"; sourceTree = "<group>"; };
		616F809051DE4C0195CAA00B /* RecapKit */ = {isa = PBXFileReference; lastKnownFileType = folder; name = RecapKit; path = RecapKit; sourceTree = SOURCE_ROOT; };
		676EC9FC010F8689B3A7E396 /* LectureQueue.swift */ = {isa = PBXFileReference; lastKnownFileType = sourcecode.swift; path = LectureQueue.swift; sourceTree = "<group>"; };
		6BC0E06F800CA245EDEAB6DC /* RecapShellPlugin.bundle */ = {isa = PBXFileReference; explicitFileType = wrapper.cfbundle; includeInIndex = 0; path = RecapShellPlugin.bundle; sourceTree = BUILT_PRODUCTS_DIR; };
		70523AD92FCE6BB5D554F1B9 /* LectureListViewController.swift */ = {isa = PBXFileReference; lastKnownFileType = sourcecode.swift; path = LectureListViewController.swift; sourceTree = "<group>"; };
		7EAA252231B59F41A4E68A2A /* Library.swift */ = {isa = PBXFileReference; lastKnownFileType = sourcecode.swift; path = Library.swift; sourceTree = "<group>"; };
		83E85A621F54206094AFF288 /* ShellRunner.swift */ = {isa = PBXFileReference; lastKnownFileType = sourcecode.swift; path = ShellRunner.swift; sourceTree = "<group>"; };
		8A01234BCEBBEF3102133BDF /* ShellBridge.swift */ = {isa = PBXFileReference; lastKnownFileType = sourcecode.swift; path = ShellBridge.swift; sourceTree = "<group>"; };
		8B84F6FA84480A57562810F7 /* SceneDelegate.swift */ = {isa = PBXFileReference; lastKnownFileType = sourcecode.swift; path = SceneDelegate.swift; sourceTree = "<group>"; };
		937E3470DF8BE0C881CBEED5 /* Info.plist */ = {isa = PBXFileReference; lastKnownFileType = text.plist; path = Info.plist; sourceTree = "<group>"; };
		9825A3F595F774D5AF0C9A55 /* BatchAddLectureSheet.swift */ = {isa = PBXFileReference; lastKnownFileType = sourcecode.swift; path = BatchAddLectureSheet.swift; sourceTree = "<group>"; };
		A13099B29E78D6084BE81FFF /* DetailHeaderView.swift */ = {isa = PBXFileReference; lastKnownFileType = sourcecode.swift; path = DetailHeaderView.swift; sourceTree = "<group>"; };
		A30AF5F43694C7E8CFA4DE5C /* EvidenceReviewView.swift */ = {isa = PBXFileReference; lastKnownFileType = sourcecode.swift; path = EvidenceReviewView.swift; sourceTree = "<group>"; };
		BE010D7F5C9CEB7CF7000C77 /* Settings.swift */ = {isa = PBXFileReference; lastKnownFileType = sourcecode.swift; path = Settings.swift; sourceTree = "<group>"; };
		C3AA0F828ECA3799D9388FFF /* MainSplitViewController.swift */ = {isa = PBXFileReference; lastKnownFileType = sourcecode.swift; path = MainSplitViewController.swift; sourceTree = "<group>"; };
		C6D359651834E09C48C9E660 /* OnboardingViewController.swift */ = {isa = PBXFileReference; lastKnownFileType = sourcecode.swift; path = OnboardingViewController.swift; sourceTree = "<group>"; };
		CF07F81006BA32EFA6020422 /* UpdateChecker.swift */ = {isa = PBXFileReference; lastKnownFileType = sourcecode.swift; path = UpdateChecker.swift; sourceTree = "<group>"; };
		D349115A5C23C711AB33AF33 /* Recap.app */ = {isa = PBXFileReference; includeInIndex = 0; lastKnownFileType = wrapper.application; path = Recap.app; sourceTree = BUILT_PRODUCTS_DIR; };
		E0EEB693F131F46234ED3DF0 /* AppDelegate.swift */ = {isa = PBXFileReference; lastKnownFileType = sourcecode.swift; path = AppDelegate.swift; sourceTree = "<group>"; };
		E7D0FB2D9009A959019B60A6 /* MarkdownViewController.swift */ = {isa = PBXFileReference; lastKnownFileType = sourcecode.swift; path = MarkdownViewController.swift; sourceTree = "<group>"; };
		F596D0AE81FB36CC9976B7C9 /* Localizable.xcstrings */ = {isa = PBXFileReference; lastKnownFileType = text.json.xcstrings; path = Localizable.xcstrings; sourceTree = "<group>"; };
/* End PBXFileReference section */

/* Begin PBXFrameworksBuildPhase section */
		82CE7747CD9C25B2DD2C9D92 /* Frameworks */ = {
			isa = PBXFrameworksBuildPhase;
			buildActionMask = 2147483647;
			files = (
				B6E3C895C9A6F38996546DD6 /* TranscriptionKit in Frameworks */,
				D21128496414482812B7924E /* PipelineKit in Frameworks */,
				BAD8944340A9CCBFECBDF1DF /* AnalysisKit in Frameworks */,
			);
			runOnlyForDeploymentPostprocessing = 0;
		};
/* End PBXFrameworksBuildPhase section */

/* Begin PBXGroup section */
		2D876CE734FE66D53F1EE665 /* Models */ = {
			isa = PBXGroup;
			children = (
				7EAA252231B59F41A4E68A2A /* Library.swift */,
				BE010D7F5C9CEB7CF7000C77 /* Settings.swift */,
				8A01234BCEBBEF3102133BDF /* ShellBridge.swift */,
				CF07F81006BA32EFA6020422 /* UpdateChecker.swift */,
				42A50B7D1BB20A2E73F430D2 /* WaveformGenerator.swift */,
			);
			path = Models;
			sourceTree = "<group>";
		};
		34CCF7E59D31314A7FFC2C99 /* Packages */ = {
			isa = PBXGroup;
			children = (
				616F809051DE4C0195CAA00B /* RecapKit */,
			);
			name = Packages;
			sourceTree = "<group>";
		};
		7AACD87583552AA96BF70AAD /* App */ = {
			isa = PBXGroup;
			children = (
				E0EEB693F131F46234ED3DF0 /* AppDelegate.swift */,
				937E3470DF8BE0C881CBEED5 /* Info.plist */,
				F596D0AE81FB36CC9976B7C9 /* Localizable.xcstrings */,
				5E55382AE0E37B4C94F11ACF /* recap-r-mark.png */,
				224A0D4835EA9FE5F416758A /* recap-review-skill.md */,
				8B84F6FA84480A57562810F7 /* SceneDelegate.swift */,
				2D876CE734FE66D53F1EE665 /* Models */,
				BAA387544D07BC85D88652C4 /* Pipeline */,
				FA8F9536FC5341D769A4E1CA /* UI */,
			);
			path = App;
			sourceTree = "<group>";
		};
		B416F27ABE20FB0266E6C223 /* Transcript */ = {
			isa = PBXGroup;
			children = (
				A13099B29E78D6084BE81FFF /* DetailHeaderView.swift */,
				A30AF5F43694C7E8CFA4DE5C /* EvidenceReviewView.swift */,
				183C419BA41CD015B08DCF87 /* PlayerPaneView.swift */,
			);
			path = Transcript;
			sourceTree = "<group>";
		};
		BAA387544D07BC85D88652C4 /* Pipeline */ = {
			isa = PBXGroup;
			children = (
				676EC9FC010F8689B3A7E396 /* LectureQueue.swift */,
			);
			path = Pipeline;
			sourceTree = "<group>";
		};
		CDFC2843D1AD62B27559CFD2 /* Plugin */ = {
			isa = PBXGroup;
			children = (
				83E85A621F54206094AFF288 /* ShellRunner.swift */,
			);
			path = Plugin;
			sourceTree = "<group>";
		};
		E5119D41221C0B0B3DF26297 = {
			isa = PBXGroup;
			children = (
				0BCD4FAA05DF20394776496E /* AppIcon.icon */,
				7AACD87583552AA96BF70AAD /* App */,
				34CCF7E59D31314A7FFC2C99 /* Packages */,
				CDFC2843D1AD62B27559CFD2 /* Plugin */,
				EC7BDFB329F1F5821D3AF306 /* Products */,
			);
			sourceTree = "<group>";
		};
		EC7BDFB329F1F5821D3AF306 /* Products */ = {
			isa = PBXGroup;
			children = (
				D349115A5C23C711AB33AF33 /* Recap.app */,
				6BC0E06F800CA245EDEAB6DC /* RecapShellPlugin.bundle */,
			);
			name = Products;
			sourceTree = "<group>";
		};
		FA8F9536FC5341D769A4E1CA /* UI */ = {
			isa = PBXGroup;
			children = (
				9825A3F595F774D5AF0C9A55 /* BatchAddLectureSheet.swift */,
				006620A5F96466763716A77A /* CourseListViewController.swift */,
				70523AD92FCE6BB5D554F1B9 /* LectureListViewController.swift */,
				C3AA0F828ECA3799D9388FFF /* MainSplitViewController.swift */,
				E7D0FB2D9009A959019B60A6 /* MarkdownViewController.swift */,
				C6D359651834E09C48C9E660 /* OnboardingViewController.swift */,
				3822695569806EF08ECC2E35 /* PDFViewController.swift */,
				5E37ED690FC7C2FF61570139 /* RecapTheme.swift */,
				456BC39DA0096C1C3E804B72 /* SettingsViewController.swift */,
				10D5A138FA1BF50DBCCC35D1 /* TranscriptViewController.swift */,
				B416F27ABE20FB0266E6C223 /* Transcript */,
			);
			path = UI;
			sourceTree = "<group>";
		};
/* End PBXGroup section */

/* Begin PBXNativeTarget section */
		1816EEFBE9371521EBDFEF47 /* RecapShellPlugin */ = {
			isa = PBXNativeTarget;
			buildConfigurationList = 80BCF78454A51B4D75621CE0 /* Build configuration list for PBXNativeTarget "RecapShellPlugin" */;
			buildPhases = (
				7B095B99F57F8BD0D581BB7E /* Sources */,
			);
			buildRules = (
			);
			dependencies = (
			);
			name = RecapShellPlugin;
			packageProductDependencies = (
			);
			productName = RecapShellPlugin;
			productReference = 6BC0E06F800CA245EDEAB6DC /* RecapShellPlugin.bundle */;
			productType = "com.apple.product-type.bundle";
		};
		3B6175ECA027D4D9CAB721B8 /* Recap */ = {
			isa = PBXNativeTarget;
			buildConfigurationList = 8947BC798E823AE8B8248FBF /* Build configuration list for PBXNativeTarget "Recap" */;
			buildPhases = (
				6867D91E65A9164BFC0D9E89 /* Sources */,
				67196F96BAB9B4A090C04DA4 /* Resources */,
				82CE7747CD9C25B2DD2C9D92 /* Frameworks */,
			);
			buildRules = (
			);
			dependencies = (
				2597845D3568698FABAE4EDE /* PBXTargetDependency */,
			);
			name = Recap;
			packageProductDependencies = (
				AAF9B2049FBC7E10384E8785 /* TranscriptionKit */,
				A274F8399FA5EDA4B3CE84DD /* PipelineKit */,
				E453285FB6C6C290772DBA8B /* AnalysisKit */,
			);
			productName = Recap;
			productReference = D349115A5C23C711AB33AF33 /* Recap.app */;
			productType = "com.apple.product-type.application";
		};
/* End PBXNativeTarget section */

/* Begin PBXProject section */
		DCA4EC43C3F813175112084B /* Project object */ = {
			isa = PBXProject;
			attributes = {
				BuildIndependentTargetsInParallel = YES;
				LastUpgradeCheck = 1430;
				TargetAttributes = {
					1816EEFBE9371521EBDFEF47 = {
						ProvisioningStyle = Manual;
					};
					3B6175ECA027D4D9CAB721B8 = {
						ProvisioningStyle = Manual;
					};
				};
			};
			buildConfigurationList = FDC2843BC063AF7D1911F724 /* Build configuration list for PBXProject "RecapApp" */;
			developmentRegion = "zh-Hans";
			hasScannedForEncodings = 0;
			knownRegions = (
				Base,
				en,
				"zh-Hans",
			);
			mainGroup = E5119D41221C0B0B3DF26297;
			minimizedProjectReferenceProxies = 1;
			packageReferences = (
				12FBB1A508009CBD4616E22D /* XCLocalSwiftPackageReference "RecapKit" */,
			);
			preferredProjectObjectVersion = 77;
			productRefGroup = EC7BDFB329F1F5821D3AF306 /* Products */;
			projectDirPath = "";
			projectRoot = "";
			targets = (
				1816EEFBE9371521EBDFEF47 /* RecapShellPlugin */,
				3B6175ECA027D4D9CAB721B8 /* Recap */,
			);
		};
/* End PBXProject section */

/* Begin PBXResourcesBuildPhase section */
		67196F96BAB9B4A090C04DA4 /* Resources */ = {
			isa = PBXResourcesBuildPhase;
			buildActionMask = 2147483647;
			files = (
				4E3B91489EB4E18760D2C223 /* AppIcon.icon in Resources */,
				714AD98FBDBC84F14A500546 /* Localizable.xcstrings in Resources */,
				8DB68D877F1B18A690D807B9 /* recap-r-mark.png in Resources */,
				8A2C0198D72ED5F314B359EC /* recap-review-skill.md in Resources */,
				BEA3E5807BC109A8EA353EF2 /* RecapShellPlugin.bundle in Resources */,
			);
			runOnlyForDeploymentPostprocessing = 0;
		};
/* End PBXResourcesBuildPhase section */

/* Begin PBXSourcesBuildPhase section */
		6867D91E65A9164BFC0D9E89 /* Sources */ = {
			isa = PBXSourcesBuildPhase;
			buildActionMask = 2147483647;
			files = (
				04075C62922F617B31757060 /* AppDelegate.swift in Sources */,
				1ED21351811066B3286595E1 /* BatchAddLectureSheet.swift in Sources */,
				69E4A0CD340258D6BFE96575 /* CourseListViewController.swift in Sources */,
				DB5005A472A2861E6E97225C /* DetailHeaderView.swift in Sources */,
				B5C337CBDA7637648DF120FD /* EvidenceReviewView.swift in Sources */,
				08C426EB553D45A214CA1172 /* LectureListViewController.swift in Sources */,
				D742402BFA22E5EB83E20B00 /* LectureQueue.swift in Sources */,
				F9D8946EB6D71A72D6D59FA5 /* Library.swift in Sources */,
				D5C9254CEBE25AD0D2D48162 /* MainSplitViewController.swift in Sources */,
				ABA1677873A7AC347D8C1E34 /* MarkdownViewController.swift in Sources */,
				F401865D77202AD7C57F7A81 /* OnboardingViewController.swift in Sources */,
				10FCF05C75C867182052A765 /* PDFViewController.swift in Sources */,
				884BC1A59B305A0ED4A992C9 /* PlayerPaneView.swift in Sources */,
				60D85F6422124DB2521689E3 /* RecapTheme.swift in Sources */,
				9E9F150F491AE002E21FACD7 /* SceneDelegate.swift in Sources */,
				D7C3947F3D903A649D4B7168 /* Settings.swift in Sources */,
				37C6B1CE6DFD7161ECFB7E24 /* SettingsViewController.swift in Sources */,
				BAF5469021701803372AF638 /* ShellBridge.swift in Sources */,
				1B02E00DAF1DC3812B1DA630 /* TranscriptViewController.swift in Sources */,
				AC5C00D0EE7A17E4F256C4D0 /* UpdateChecker.swift in Sources */,
				6EFB38676CE7420CBA1BCDD7 /* WaveformGenerator.swift in Sources */,
			);
			runOnlyForDeploymentPostprocessing = 0;
		};
		7B095B99F57F8BD0D581BB7E /* Sources */ = {
			isa = PBXSourcesBuildPhase;
			buildActionMask = 2147483647;
			files = (
				4DA6C44E3E4A5BE360117666 /* ShellRunner.swift in Sources */,
			);
			runOnlyForDeploymentPostprocessing = 0;
		};
/* End PBXSourcesBuildPhase section */

/* Begin PBXTargetDependency section */
		2597845D3568698FABAE4EDE /* PBXTargetDependency */ = {
			isa = PBXTargetDependency;
			target = 1816EEFBE9371521EBDFEF47 /* RecapShellPlugin */;
			targetProxy = DE72FBB5C188C53CFD79DEA9 /* PBXContainerItemProxy */;
		};
/* End PBXTargetDependency section */

/* Begin XCBuildConfiguration section */
		1CD0C804AE598C657A41F0DF /* Debug */ = {
			isa = XCBuildConfiguration;
			buildSettings = {
				ASSETCATALOG_COMPILER_APPICON_NAME = AppIcon;
				CODE_SIGN_IDENTITY = "-";
				CODE_SIGN_STYLE = Manual;
				INFOPLIST_FILE = App/Info.plist;
				LD_RUNPATH_SEARCH_PATHS = (
					"$(inherited)",
					"@executable_path/Frameworks",
				);
				MARKETING_VERSION = 0.1.0;
				PRODUCT_BUNDLE_IDENTIFIER = com.rio.Recap;
				SDKROOT = iphoneos;
				SUPPORTS_MACCATALYST = YES;
				SUPPORTS_MAC_DESIGNED_FOR_IPHONE_IPAD = NO;
				SWIFT_EMIT_LOC_STRINGS = YES;
				SWIFT_VERSION = 5.9;
				TARGETED_DEVICE_FAMILY = "2,6";
			};
			name = Debug;
		};
		521621ED92066421A816BD63 /* Release */ = {
			isa = XCBuildConfiguration;
			buildSettings = {
				ALWAYS_SEARCH_USER_PATHS = NO;
				CLANG_ANALYZER_NONNULL = YES;
				CLANG_ANALYZER_NUMBER_OBJECT_CONVERSION = YES_AGGRESSIVE;
				CLANG_CXX_LANGUAGE_STANDARD = "gnu++14";
				CLANG_CXX_LIBRARY = "libc++";
				CLANG_ENABLE_MODULES = YES;
				CLANG_ENABLE_OBJC_ARC = YES;
				CLANG_ENABLE_OBJC_WEAK = YES;
				CLANG_WARN_BLOCK_CAPTURE_AUTORELEASING = YES;
				CLANG_WARN_BOOL_CONVERSION = YES;
				CLANG_WARN_COMMA = YES;
				CLANG_WARN_CONSTANT_CONVERSION = YES;
				CLANG_WARN_DEPRECATED_OBJC_IMPLEMENTATIONS = YES;
				CLANG_WARN_DIRECT_OBJC_ISA_USAGE = YES_ERROR;
				CLANG_WARN_DOCUMENTATION_COMMENTS = YES;
				CLANG_WARN_EMPTY_BODY = YES;
				CLANG_WARN_ENUM_CONVERSION = YES;
				CLANG_WARN_INFINITE_RECURSION = YES;
				CLANG_WARN_INT_CONVERSION = YES;
				CLANG_WARN_NON_LITERAL_NULL_CONVERSION = YES;
				CLANG_WARN_OBJC_IMPLICIT_RETAIN_SELF = YES;
				CLANG_WARN_OBJC_LITERAL_CONVERSION = YES;
				CLANG_WARN_OBJC_ROOT_CLASS = YES_ERROR;
				CLANG_WARN_QUOTED_INCLUDE_IN_FRAMEWORK_HEADER = YES;
				CLANG_WARN_RANGE_LOOP_ANALYSIS = YES;
				CLANG_WARN_STRICT_PROTOTYPES = YES;
				CLANG_WARN_SUSPICIOUS_MOVE = YES;
				CLANG_WARN_UNGUARDED_AVAILABILITY = YES_AGGRESSIVE;
				CLANG_WARN_UNREACHABLE_CODE = YES;
				CLANG_WARN__DUPLICATE_METHOD_MATCH = YES;
				COPY_PHASE_STRIP = NO;
				DEBUG_INFORMATION_FORMAT = "dwarf-with-dsym";
				ENABLE_NS_ASSERTIONS = NO;
				ENABLE_STRICT_OBJC_MSGSEND = YES;
				GCC_C_LANGUAGE_STANDARD = gnu11;
				GCC_NO_COMMON_BLOCKS = YES;
				GCC_WARN_64_TO_32_BIT_CONVERSION = YES;
				GCC_WARN_ABOUT_RETURN_TYPE = YES_ERROR;
				GCC_WARN_UNDECLARED_SELECTOR = YES;
				GCC_WARN_UNINITIALIZED_AUTOS = YES_AGGRESSIVE;
				GCC_WARN_UNUSED_FUNCTION = YES;
				GCC_WARN_UNUSED_VARIABLE = YES;
				IPHONEOS_DEPLOYMENT_TARGET = 17.0;
				MTL_ENABLE_DEBUG_INFO = NO;
				MTL_FAST_MATH = YES;
				PRODUCT_NAME = "$(TARGET_NAME)";
				SWIFT_COMPILATION_MODE = wholemodule;
				SWIFT_OPTIMIZATION_LEVEL = "-O";
				SWIFT_VERSION = 5.0;
			};
			name = Release;
		};
		7FEEE89FF673CD5C1E11667F /* Release */ = {
			isa = XCBuildConfiguration;
			buildSettings = {
				CODE_SIGN_IDENTITY = "-";
				CODE_SIGN_STYLE = Manual;
				COMBINE_HIDPI_IMAGES = YES;
				GENERATE_INFOPLIST_FILE = YES;
				LD_RUNPATH_SEARCH_PATHS = (
					"$(inherited)",
					"@executable_path/../Frameworks",
				);
				MACOSX_DEPLOYMENT_TARGET = 13.0;
				PRODUCT_BUNDLE_IDENTIFIER = com.rio.Recap.ShellPlugin;
				SDKROOT = macosx;
				SWIFT_VERSION = 5.9;
			};
			name = Release;
		};
		AF80D9484713D36C96C72F69 /* Debug */ = {
			isa = XCBuildConfiguration;
			buildSettings = {
				ALWAYS_SEARCH_USER_PATHS = NO;
				CLANG_ANALYZER_NONNULL = YES;
				CLANG_ANALYZER_NUMBER_OBJECT_CONVERSION = YES_AGGRESSIVE;
				CLANG_CXX_LANGUAGE_STANDARD = "gnu++14";
				CLANG_CXX_LIBRARY = "libc++";
				CLANG_ENABLE_MODULES = YES;
				CLANG_ENABLE_OBJC_ARC = YES;
				CLANG_ENABLE_OBJC_WEAK = YES;
				CLANG_WARN_BLOCK_CAPTURE_AUTORELEASING = YES;
				CLANG_WARN_BOOL_CONVERSION = YES;
				CLANG_WARN_COMMA = YES;
				CLANG_WARN_CONSTANT_CONVERSION = YES;
				CLANG_WARN_DEPRECATED_OBJC_IMPLEMENTATIONS = YES;
				CLANG_WARN_DIRECT_OBJC_ISA_USAGE = YES_ERROR;
				CLANG_WARN_DOCUMENTATION_COMMENTS = YES;
				CLANG_WARN_EMPTY_BODY = YES;
				CLANG_WARN_ENUM_CONVERSION = YES;
				CLANG_WARN_INFINITE_RECURSION = YES;
				CLANG_WARN_INT_CONVERSION = YES;
				CLANG_WARN_NON_LITERAL_NULL_CONVERSION = YES;
				CLANG_WARN_OBJC_IMPLICIT_RETAIN_SELF = YES;
				CLANG_WARN_OBJC_LITERAL_CONVERSION = YES;
				CLANG_WARN_OBJC_ROOT_CLASS = YES_ERROR;
				CLANG_WARN_QUOTED_INCLUDE_IN_FRAMEWORK_HEADER = YES;
				CLANG_WARN_RANGE_LOOP_ANALYSIS = YES;
				CLANG_WARN_STRICT_PROTOTYPES = YES;
				CLANG_WARN_SUSPICIOUS_MOVE = YES;
				CLANG_WARN_UNGUARDED_AVAILABILITY = YES_AGGRESSIVE;
				CLANG_WARN_UNREACHABLE_CODE = YES;
				CLANG_WARN__DUPLICATE_METHOD_MATCH = YES;
				COPY_PHASE_STRIP = NO;
				DEBUG_INFORMATION_FORMAT = dwarf;
				ENABLE_STRICT_OBJC_MSGSEND = YES;
				ENABLE_TESTABILITY = YES;
				GCC_C_LANGUAGE_STANDARD = gnu11;
				GCC_DYNAMIC_NO_PIC = NO;
				GCC_NO_COMMON_BLOCKS = YES;
				GCC_OPTIMIZATION_LEVEL = 0;
				GCC_PREPROCESSOR_DEFINITIONS = (
					"$(inherited)",
					"DEBUG=1",
				);
				GCC_WARN_64_TO_32_BIT_CONVERSION = YES;
				GCC_WARN_ABOUT_RETURN_TYPE = YES_ERROR;
				GCC_WARN_UNDECLARED_SELECTOR = YES;
				GCC_WARN_UNINITIALIZED_AUTOS = YES_AGGRESSIVE;
				GCC_WARN_UNUSED_FUNCTION = YES;
				GCC_WARN_UNUSED_VARIABLE = YES;
				IPHONEOS_DEPLOYMENT_TARGET = 17.0;
				MTL_ENABLE_DEBUG_INFO = INCLUDE_SOURCE;
				MTL_FAST_MATH = YES;
				ONLY_ACTIVE_ARCH = YES;
				PRODUCT_NAME = "$(TARGET_NAME)";
				SWIFT_ACTIVE_COMPILATION_CONDITIONS = DEBUG;
				SWIFT_OPTIMIZATION_LEVEL = "-Onone";
				SWIFT_VERSION = 5.0;
			};
			name = Debug;
		};
		BB40D55657796D62210845F9 /* Debug */ = {
			isa = XCBuildConfiguration;
			buildSettings = {
				CODE_SIGN_IDENTITY = "-";
				CODE_SIGN_STYLE = Manual;
				COMBINE_HIDPI_IMAGES = YES;
				GENERATE_INFOPLIST_FILE = YES;
				LD_RUNPATH_SEARCH_PATHS = (
					"$(inherited)",
					"@executable_path/../Frameworks",
				);
				MACOSX_DEPLOYMENT_TARGET = 13.0;
				PRODUCT_BUNDLE_IDENTIFIER = com.rio.Recap.ShellPlugin;
				SDKROOT = macosx;
				SWIFT_VERSION = 5.9;
			};
			name = Debug;
		};
		BE2C4CD16E96A497112A209E /* Release */ = {
			isa = XCBuildConfiguration;
			buildSettings = {
				ASSETCATALOG_COMPILER_APPICON_NAME = AppIcon;
				CODE_SIGN_IDENTITY = "-";
				CODE_SIGN_STYLE = Manual;
				INFOPLIST_FILE = App/Info.plist;
				LD_RUNPATH_SEARCH_PATHS = (
					"$(inherited)",
					"@executable_path/Frameworks",
				);
				MARKETING_VERSION = 0.1.0;
				PRODUCT_BUNDLE_IDENTIFIER = com.rio.Recap;
				SDKROOT = iphoneos;
				SUPPORTS_MACCATALYST = YES;
				SUPPORTS_MAC_DESIGNED_FOR_IPHONE_IPAD = NO;
				SWIFT_EMIT_LOC_STRINGS = YES;
				SWIFT_VERSION = 5.9;
				TARGETED_DEVICE_FAMILY = "2,6";
			};
			name = Release;
		};
/* End XCBuildConfiguration section */

/* Begin XCConfigurationList section */
		80BCF78454A51B4D75621CE0 /* Build configuration list for PBXNativeTarget "RecapShellPlugin" */ = {
			isa = XCConfigurationList;
			buildConfigurations = (
				BB40D55657796D62210845F9 /* Debug */,
				7FEEE89FF673CD5C1E11667F /* Release */,
			);
			defaultConfigurationIsVisible = 0;
			defaultConfigurationName = Debug;
		};
		8947BC798E823AE8B8248FBF /* Build configuration list for PBXNativeTarget "Recap" */ = {
			isa = XCConfigurationList;
			buildConfigurations = (
				1CD0C804AE598C657A41F0DF /* Debug */,
				BE2C4CD16E96A497112A209E /* Release */,
			);
			defaultConfigurationIsVisible = 0;
			defaultConfigurationName = Debug;
		};
		FDC2843BC063AF7D1911F724 /* Build configuration list for PBXProject "RecapApp" */ = {
			isa = XCConfigurationList;
			buildConfigurations = (
				AF80D9484713D36C96C72F69 /* Debug */,
				521621ED92066421A816BD63 /* Release */,
			);
			defaultConfigurationIsVisible = 0;
			defaultConfigurationName = Debug;
		};
/* End XCConfigurationList section */

/* Begin XCLocalSwiftPackageReference section */
		12FBB1A508009CBD4616E22D /* XCLocalSwiftPackageReference "RecapKit" */ = {
			isa = XCLocalSwiftPackageReference;
			relativePath = RecapKit;
		};
/* End XCLocalSwiftPackageReference section */

/* Begin XCSwiftPackageProductDependency section */
		A274F8399FA5EDA4B3CE84DD /* PipelineKit */ = {
			isa = XCSwiftPackageProductDependency;
			productName = PipelineKit;
		};
		AAF9B2049FBC7E10384E8785 /* TranscriptionKit */ = {
			isa = XCSwiftPackageProductDependency;
			productName = TranscriptionKit;
		};
		E453285FB6C6C290772DBA8B /* AnalysisKit */ = {
			isa = XCSwiftPackageProductDependency;
			productName = AnalysisKit;
		};
/* End XCSwiftPackageProductDependency section */
	};
	rootObject = DCA4EC43C3F813175112084B /* Project object */;
}
