// !$*UTF8*$!
{
	archiveVersion = 1;
	classes = {
	};
	objectVersion = 77;
	objects = {

/* Begin PBXBuildFile section */
		04075C62922F617B31757060 /* AppDelegate.swift in Sources */ = {isa = PBXBuildFile; fileRef = E0EEB693F131F46234ED3DF0 /* AppDelegate.swift */; };
		08C426EB553D45A214CA1172 /* LectureListViewController.swift in Sources */ = {isa = PBXBuildFile; fileRef = 70523AD92FCE6BB5D554F1B9 /* LectureListViewController.swift */; };
		1B02E00DAF1DC3812B1DA630 /* TranscriptViewController.swift in Sources */ = {isa = PBXBuildFile; fileRef = 10D5A138FA1BF50DBCCC35D1 /* TranscriptViewController.swift */; };
		37C6B1CE6DFD7161ECFB7E24 /* SettingsViewController.swift in Sources */ = {isa = PBXBuildFile; fileRef = 456BC39DA0096C1C3E804B72 /* SettingsViewController.swift */; };
		69E4A0CD340258D6BFE96575 /* CourseListViewController.swift in Sources */ = {isa = PBXBuildFile; fileRef = 006620A5F96466763716A77A /* CourseListViewController.swift */; };
		9E9F150F491AE002E21FACD7 /* SceneDelegate.swift in Sources */ = {isa = PBXBuildFile; fileRef = 8B84F6FA84480A57562810F7 /* SceneDelegate.swift */; };
		B6E3C895C9A6F38996546DD6 /* TranscriptionKit in Frameworks */ = {isa = PBXBuildFile; productRef = AAF9B2049FBC7E10384E8785 /* TranscriptionKit */; };
		BAD8944340A9CCBFECBDF1DF /* AnalysisKit in Frameworks */ = {isa = PBXBuildFile; productRef = E453285FB6C6C290772DBA8B /* AnalysisKit */; };
		D21128496414482812B7924E /* PipelineKit in Frameworks */ = {isa = PBXBuildFile; productRef = A274F8399FA5EDA4B3CE84DD /* PipelineKit */; };
		D5C9254CEBE25AD0D2D48162 /* MainSplitViewController.swift in Sources */ = {isa = PBXBuildFile; fileRef = C3AA0F828ECA3799D9388FFF /* MainSplitViewController.swift */; };
		D742402BFA22E5EB83E20B00 /* LectureQueue.swift in Sources */ = {isa = PBXBuildFile; fileRef = 676EC9FC010F8689B3A7E396 /* LectureQueue.swift */; };
		D7C3947F3D903A649D4B7168 /* Settings.swift in Sources */ = {isa = PBXBuildFile; fileRef = BE010D7F5C9CEB7CF7000C77 /* Settings.swift */; };
		F9D8946EB6D71A72D6D59FA5 /* Library.swift in Sources */ = {isa = PBXBuildFile; fileRef = 7EAA252231B59F41A4E68A2A /* Library.swift */; };
/* End PBXBuildFile section */

/* Begin PBXFileReference section */
		006620A5F96466763716A77A /* CourseListViewController.swift */ = {isa = PBXFileReference; lastKnownFileType = sourcecode.swift; path = CourseListViewController.swift; sourceTree = "<group>"; };
		10D5A138FA1BF50DBCCC35D1 /* TranscriptViewController.swift */ = {isa = PBXFileReference; lastKnownFileType = sourcecode.swift; path = TranscriptViewController.swift; sourceTree = "<group>"; };
		456BC39DA0096C1C3E804B72 /* SettingsViewController.swift */ = {isa = PBXFileReference; lastKnownFileType = sourcecode.swift; path = SettingsViewController.swift; sourceTree = "<group>"; };
		676EC9FC010F8689B3A7E396 /* LectureQueue.swift */ = {isa = PBXFileReference; lastKnownFileType = sourcecode.swift; path = LectureQueue.swift; sourceTree = "<group>"; };
		70523AD92FCE6BB5D554F1B9 /* LectureListViewController.swift */ = {isa = PBXFileReference; lastKnownFileType = sourcecode.swift; path = LectureListViewController.swift; sourceTree = "<group>"; };
		7EAA252231B59F41A4E68A2A /* Library.swift */ = {isa = PBXFileReference; lastKnownFileType = sourcecode.swift; path = Library.swift; sourceTree = "<group>"; };
		8B84F6FA84480A57562810F7 /* SceneDelegate.swift */ = {isa = PBXFileReference; lastKnownFileType = sourcecode.swift; path = SceneDelegate.swift; sourceTree = "<group>"; };
		937E3470DF8BE0C881CBEED5 /* Info.plist */ = {isa = PBXFileReference; lastKnownFileType = text.plist; path = Info.plist; sourceTree = "<group>"; };
		A32D4D9C7AFED6217291035D /* Recap */ = {isa = PBXFileReference; lastKnownFileType = folder; name = Recap; path = .; sourceTree = SOURCE_ROOT; };
		BE010D7F5C9CEB7CF7000C77 /* Settings.swift */ = {isa = PBXFileReference; lastKnownFileType = sourcecode.swift; path = Settings.swift; sourceTree = "<group>"; };
		C3AA0F828ECA3799D9388FFF /* MainSplitViewController.swift */ = {isa = PBXFileReference; lastKnownFileType = sourcecode.swift; path = MainSplitViewController.swift; sourceTree = "<group>"; };
		D349115A5C23C711AB33AF33 /* Recap.app */ = {isa = PBXFileReference; includeInIndex = 0; lastKnownFileType = wrapper.application; path = Recap.app; sourceTree = BUILT_PRODUCTS_DIR; };
		E0EEB693F131F46234ED3DF0 /* AppDelegate.swift */ = {isa = PBXFileReference; lastKnownFileType = sourcecode.swift; path = AppDelegate.swift; sourceTree = "<group>"; };
/* End PBXFileReference section */

/* Begin PBXFrameworksBuildPhase section */
		82CE7747CD9C25B2DD2C9D92 /* Frameworks */ = {
			isa = PBXFrameworksBuildPhase;
			buildActionMask = 2147483647;
			files = (
				B6E3C895C9A6F38996546DD6 /* TranscriptionKit in Frameworks */,
				D21128496414482812B7924E /* PipelineKit in Frameworks */,
				BAD8944340A9CCBFECBDF1DF /* AnalysisKit in Frameworks */,
			);
			runOnlyForDeploymentPostprocessing = 0;
		};
/* End PBXFrameworksBuildPhase section */

/* Begin PBXGroup section */
		2D876CE734FE66D53F1EE665 /* Models */ = {
			isa = PBXGroup;
			children = (
				7EAA252231B59F41A4E68A2A /* Library.swift */,
				BE010D7F5C9CEB7CF7000C77 /* Settings.swift */,
			);
			path = Models;
			sourceTree = "<group>";
		};
		34CCF7E59D31314A7FFC2C99 /* Packages */ = {
			isa = PBXGroup;
			children = (
				A32D4D9C7AFED6217291035D /* Recap */,
			);
			name = Packages;
			sourceTree = "<group>";
		};
		7AACD87583552AA96BF70AAD /* App */ = {
			isa = PBXGroup;
			children = (
				E0EEB693F131F46234ED3DF0 /* AppDelegate.swift */,
				937E3470DF8BE0C881CBEED5 /* Info.plist */,
				8B84F6FA84480A57562810F7 /* SceneDelegate.swift */,
				2D876CE734FE66D53F1EE665 /* Models */,
				BAA387544D07BC85D88652C4 /* Pipeline */,
				FA8F9536FC5341D769A4E1CA /* UI */,
			);
			path = App;
			sourceTree = "<group>";
		};
		BAA387544D07BC85D88652C4 /* Pipeline */ = {
			isa = PBXGroup;
			children = (
				676EC9FC010F8689B3A7E396 /* LectureQueue.swift */,
			);
			path = Pipeline;
			sourceTree = "<group>";
		};
		E5119D41221C0B0B3DF26297 = {
			isa = PBXGroup;
			children = (
				7AACD87583552AA96BF70AAD /* App */,
				34CCF7E59D31314A7FFC2C99 /* Packages */,
				EC7BDFB329F1F5821D3AF306 /* Products */,
			);
			sourceTree = "<group>";
		};
		EC7BDFB329F1F5821D3AF306 /* Products */ = {
			isa = PBXGroup;
			children = (
				D349115A5C23C711AB33AF33 /* Recap.app */,
			);
			name = Products;
			sourceTree = "<group>";
		};
		FA8F9536FC5341D769A4E1CA /* UI */ = {
			isa = PBXGroup;
			children = (
				006620A5F96466763716A77A /* CourseListViewController.swift */,
				70523AD92FCE6BB5D554F1B9 /* LectureListViewController.swift */,
				C3AA0F828ECA3799D9388FFF /* MainSplitViewController.swift */,
				456BC39DA0096C1C3E804B72 /* SettingsViewController.swift */,
				10D5A138FA1BF50DBCCC35D1 /* TranscriptViewController.swift */,
			);
			path = UI;
			sourceTree = "<group>";
		};
/* End PBXGroup section */

/* Begin PBXNativeTarget section */
		3B6175ECA027D4D9CAB721B8 /* Recap */ = {
			isa = PBXNativeTarget;
			buildConfigurationList = 8947BC798E823AE8B8248FBF /* Build configuration list for PBXNativeTarget "Recap" */;
			buildPhases = (
				6867D91E65A9164BFC0D9E89 /* Sources */,
				82CE7747CD9C25B2DD2C9D92 /* Frameworks */,
			);
			buildRules = (
			);
			dependencies = (
			);
			name = Recap;
			packageProductDependencies = (
				AAF9B2049FBC7E10384E8785 /* TranscriptionKit */,
				A274F8399FA5EDA4B3CE84DD /* PipelineKit */,
				E453285FB6C6C290772DBA8B /* AnalysisKit */,
			);
			productName = Recap;
			productReference = D349115A5C23C711AB33AF33 /* Recap.app */;
			productType = "com.apple.product-type.application";
		};
/* End PBXNativeTarget section */

/* Begin PBXProject section */
		DCA4EC43C3F813175112084B /* Project object */ = {
			isa = PBXProject;
			attributes = {
				BuildIndependentTargetsInParallel = YES;
				LastUpgradeCheck = 1430;
				TargetAttributes = {
					3B6175ECA027D4D9CAB721B8 = {
						ProvisioningStyle = Manual;
					};
				};
			};
			buildConfigurationList = FDC2843BC063AF7D1911F724 /* Build configuration list for PBXProject "RecapApp" */;
			developmentRegion = en;
			hasScannedForEncodings = 0;
			knownRegions = (
				Base,
				en,
			);
			mainGroup = E5119D41221C0B0B3DF26297;
			minimizedProjectReferenceProxies = 1;
			packageReferences = (
				9CD375C1857680A7694F3090 /* XCLocalSwiftPackageReference "." */,
			);
			preferredProjectObjectVersion = 77;
			productRefGroup = EC7BDFB329F1F5821D3AF306 /* Products */;
			projectDirPath = "";
			projectRoot = "";
			targets = (
				3B6175ECA027D4D9CAB721B8 /* Recap */,
			);
		};
/* End PBXProject section */

/* Begin PBXSourcesBuildPhase section */
		6867D91E65A9164BFC0D9E89 /* Sources */ = {
			isa = PBXSourcesBuildPhase;
			buildActionMask = 2147483647;
			files = (
				04075C62922F617B31757060 /* AppDelegate.swift in Sources */,
				69E4A0CD340258D6BFE96575 /* CourseListViewController.swift in Sources */,
				08C426EB553D45A214CA1172 /* LectureListViewController.swift in Sources */,
				D742402BFA22E5EB83E20B00 /* LectureQueue.swift in Sources */,
				F9D8946EB6D71A72D6D59FA5 /* Library.swift in Sources */,
				D5C9254CEBE25AD0D2D48162 /* MainSplitViewController.swift in Sources */,
				9E9F150F491AE002E21FACD7 /* SceneDelegate.swift in Sources */,
				D7C3947F3D903A649D4B7168 /* Settings.swift in Sources */,
				37C6B1CE6DFD7161ECFB7E24 /* SettingsViewController.swift in Sources */,
				1B02E00DAF1DC3812B1DA630 /* TranscriptViewController.swift in Sources */,
			);
			runOnlyForDeploymentPostprocessing = 0;
		};
/* End PBXSourcesBuildPhase section */

/* Begin XCBuildConfiguration section */
		1CD0C804AE598C657A41F0DF /* Debug */ = {
			isa = XCBuildConfiguration;
			buildSettings = {
				ASSETCATALOG_COMPILER_APPICON_NAME = AppIcon;
				CODE_SIGN_IDENTITY = "-";
				CODE_SIGN_STYLE = Manual;
				INFOPLIST_FILE = App/Info.plist;
				LD_RUNPATH_SEARCH_PATHS = (
					"$(inherited)",
					"@executable_path/Frameworks",
				);
				PRODUCT_BUNDLE_IDENTIFIER = com.rio.Recap;
				SDKROOT = iphoneos;
				SUPPORTS_MACCATALYST = YES;
				SUPPORTS_MAC_DESIGNED_FOR_IPHONE_IPAD = NO;
				SWIFT_VERSION = 5.9;
				TARGETED_DEVICE_FAMILY = "2,6";
			};
			name = Debug;
		};
		521621ED92066421A816BD63 /* Release */ = {
			isa = XCBuildConfiguration;
			buildSettings = {
				ALWAYS_SEARCH_USER_PATHS = NO;
				CLANG_ANALYZER_NONNULL = YES;
				CLANG_ANALYZER_NUMBER_OBJECT_CONVERSION = YES_AGGRESSIVE;
				CLANG_CXX_LANGUAGE_STANDARD = "gnu++14";
				CLANG_CXX_LIBRARY = "libc++";
				CLANG_ENABLE_MODULES = YES;
				CLANG_ENABLE_OBJC_ARC = YES;
				CLANG_ENABLE_OBJC_WEAK = YES;
				CLANG_WARN_BLOCK_CAPTURE_AUTORELEASING = YES;
				CLANG_WARN_BOOL_CONVERSION = YES;
				CLANG_WARN_COMMA = YES;
				CLANG_WARN_CONSTANT_CONVERSION = YES;
				CLANG_WARN_DEPRECATED_OBJC_IMPLEMENTATIONS = YES;
				CLANG_WARN_DIRECT_OBJC_ISA_USAGE = YES_ERROR;
				CLANG_WARN_DOCUMENTATION_COMMENTS = YES;
				CLANG_WARN_EMPTY_BODY = YES;
				CLANG_WARN_ENUM_CONVERSION = YES;
				CLANG_WARN_INFINITE_RECURSION = YES;
				CLANG_WARN_INT_CONVERSION = YES;
				CLANG_WARN_NON_LITERAL_NULL_CONVERSION = YES;
				CLANG_WARN_OBJC_IMPLICIT_RETAIN_SELF = YES;
				CLANG_WARN_OBJC_LITERAL_CONVERSION = YES;
				CLANG_WARN_OBJC_ROOT_CLASS = YES_ERROR;
				CLANG_WARN_QUOTED_INCLUDE_IN_FRAMEWORK_HEADER = YES;
				CLANG_WARN_RANGE_LOOP_ANALYSIS = YES;
				CLANG_WARN_STRICT_PROTOTYPES = YES;
				CLANG_WARN_SUSPICIOUS_MOVE = YES;
				CLANG_WARN_UNGUARDED_AVAILABILITY = YES_AGGRESSIVE;
				CLANG_WARN_UNREACHABLE_CODE = YES;
				CLANG_WARN__DUPLICATE_METHOD_MATCH = YES;
				COPY_PHASE_STRIP = NO;
				DEBUG_INFORMATION_FORMAT = "dwarf-with-dsym";
				ENABLE_NS_ASSERTIONS = NO;
				ENABLE_STRICT_OBJC_MSGSEND = YES;
				GCC_C_LANGUAGE_STANDARD = gnu11;
				GCC_NO_COMMON_BLOCKS = YES;
				GCC_WARN_64_TO_32_BIT_CONVERSION = YES;
				GCC_WARN_ABOUT_RETURN_TYPE = YES_ERROR;
				GCC_WARN_UNDECLARED_SELECTOR = YES;
				GCC_WARN_UNINITIALIZED_AUTOS = YES_AGGRESSIVE;
				GCC_WARN_UNUSED_FUNCTION = YES;
				GCC_WARN_UNUSED_VARIABLE = YES;
				IPHONEOS_DEPLOYMENT_TARGET = 17.0;
				MTL_ENABLE_DEBUG_INFO = NO;
				MTL_FAST_MATH = YES;
				PRODUCT_NAME = "$(TARGET_NAME)";
				SDKROOT = iphoneos;
				SWIFT_COMPILATION_MODE = wholemodule;
				SWIFT_OPTIMIZATION_LEVEL = "-O";
				SWIFT_VERSION = 5.0;
			};
			name = Release;
		};
		AF80D9484713D36C96C72F69 /* Debug */ = {
			isa = XCBuildConfiguration;
			buildSettings = {
				ALWAYS_SEARCH_USER_PATHS = NO;
				CLANG_ANALYZER_NONNULL = YES;
				CLANG_ANALYZER_NUMBER_OBJECT_CONVERSION = YES_AGGRESSIVE;
				CLANG_CXX_LANGUAGE_STANDARD = "gnu++14";
				CLANG_CXX_LIBRARY = "libc++";
				CLANG_ENABLE_MODULES = YES;
				CLANG_ENABLE_OBJC_ARC = YES;
				CLANG_ENABLE_OBJC_WEAK = YES;
				CLANG_WARN_BLOCK_CAPTURE_AUTORELEASING = YES;
				CLANG_WARN_BOOL_CONVERSION = YES;
				CLANG_WARN_COMMA = YES;
				CLANG_WARN_CONSTANT_CONVERSION = YES;
				CLANG_WARN_DEPRECATED_OBJC_IMPLEMENTATIONS = YES;
				CLANG_WARN_DIRECT_OBJC_ISA_USAGE = YES_ERROR;
				CLANG_WARN_DOCUMENTATION_COMMENTS = YES;
				CLANG_WARN_EMPTY_BODY = YES;
				CLANG_WARN_ENUM_CONVERSION = YES;
				CLANG_WARN_INFINITE_RECURSION = YES;
				CLANG_WARN_INT_CONVERSION = YES;
				CLANG_WARN_NON_LITERAL_NULL_CONVERSION = YES;
				CLANG_WARN_OBJC_IMPLICIT_RETAIN_SELF = YES;
				CLANG_WARN_OBJC_LITERAL_CONVERSION = YES;
				CLANG_WARN_OBJC_ROOT_CLASS = YES_ERROR;
				CLANG_WARN_QUOTED_INCLUDE_IN_FRAMEWORK_HEADER = YES;
				CLANG_WARN_RANGE_LOOP_ANALYSIS = YES;
				CLANG_WARN_STRICT_PROTOTYPES = YES;
				CLANG_WARN_SUSPICIOUS_MOVE = YES;
				CLANG_WARN_UNGUARDED_AVAILABILITY = YES_AGGRESSIVE;
				CLANG_WARN_UNREACHABLE_CODE = YES;
				CLANG_WARN__DUPLICATE_METHOD_MATCH = YES;
				COPY_PHASE_STRIP = NO;
				DEBUG_INFORMATION_FORMAT = dwarf;
				ENABLE_STRICT_OBJC_MSGSEND = YES;
				ENABLE_TESTABILITY = YES;
				GCC_C_LANGUAGE_STANDARD = gnu11;
				GCC_DYNAMIC_NO_PIC = NO;
				GCC_NO_COMMON_BLOCKS = YES;
				GCC_OPTIMIZATION_LEVEL = 0;
				GCC_PREPROCESSOR_DEFINITIONS = (
					"$(inherited)",
					"DEBUG=1",
				);
				GCC_WARN_64_TO_32_BIT_CONVERSION = YES;
				GCC_WARN_ABOUT_RETURN_TYPE = YES_ERROR;
				GCC_WARN_UNDECLARED_SELECTOR = YES;
				GCC_WARN_UNINITIALIZED_AUTOS = YES_AGGRESSIVE;
				GCC_WARN_UNUSED_FUNCTION = YES;
				GCC_WARN_UNUSED_VARIABLE = YES;
				IPHONEOS_DEPLOYMENT_TARGET = 17.0;
				MTL_ENABLE_DEBUG_INFO = INCLUDE_SOURCE;
				MTL_FAST_MATH = YES;
				ONLY_ACTIVE_ARCH = YES;
				PRODUCT_NAME = "$(TARGET_NAME)";
				SDKROOT = iphoneos;
				SWIFT_ACTIVE_COMPILATION_CONDITIONS = DEBUG;
				SWIFT_OPTIMIZATION_LEVEL = "-Onone";
				SWIFT_VERSION = 5.0;
			};
			name = Debug;
		};
		BE2C4CD16E96A497112A209E /* Release */ = {
			isa = XCBuildConfiguration;
			buildSettings = {
				ASSETCATALOG_COMPILER_APPICON_NAME = AppIcon;
				CODE_SIGN_IDENTITY = "-";
				CODE_SIGN_STYLE = Manual;
				INFOPLIST_FILE = App/Info.plist;
				LD_RUNPATH_SEARCH_PATHS = (
					"$(inherited)",
					"@executable_path/Frameworks",
				);
				PRODUCT_BUNDLE_IDENTIFIER = com.rio.Recap;
				SDKROOT = iphoneos;
				SUPPORTS_MACCATALYST = YES;
				SUPPORTS_MAC_DESIGNED_FOR_IPHONE_IPAD = NO;
				SWIFT_VERSION = 5.9;
				TARGETED_DEVICE_FAMILY = "2,6";
			};
			name = Release;
		};
/* End XCBuildConfiguration section */

/* Begin XCConfigurationList section */
		8947BC798E823AE8B8248FBF /* Build configuration list for PBXNativeTarget "Recap" */ = {
			isa = XCConfigurationList;
			buildConfigurations = (
				1CD0C804AE598C657A41F0DF /* Debug */,
				BE2C4CD16E96A497112A209E /* Release */,
			);
			defaultConfigurationIsVisible = 0;
			defaultConfigurationName = Debug;
		};
		FDC2843BC063AF7D1911F724 /* Build configuration list for PBXProject "RecapApp" */ = {
			isa = XCConfigurationList;
			buildConfigurations = (
				AF80D9484713D36C96C72F69 /* Debug */,
				521621ED92066421A816BD63 /* Release */,
			);
			defaultConfigurationIsVisible = 0;
			defaultConfigurationName = Debug;
		};
/* End XCConfigurationList section */

/* Begin XCLocalSwiftPackageReference section */
		9CD375C1857680A7694F3090 /* XCLocalSwiftPackageReference "." */ = {
			isa = XCLocalSwiftPackageReference;
			relativePath = .;
		};
/* End XCLocalSwiftPackageReference section */

/* Begin XCSwiftPackageProductDependency section */
		A274F8399FA5EDA4B3CE84DD /* PipelineKit */ = {
			isa = XCSwiftPackageProductDependency;
			productName = PipelineKit;
		};
		AAF9B2049FBC7E10384E8785 /* TranscriptionKit */ = {
			isa = XCSwiftPackageProductDependency;
			productName = TranscriptionKit;
		};
		E453285FB6C6C290772DBA8B /* AnalysisKit */ = {
			isa = XCSwiftPackageProductDependency;
			productName = AnalysisKit;
		};
/* End XCSwiftPackageProductDependency section */
	};
	rootObject = DCA4EC43C3F813175112084B /* Project object */;
}
